Microsoft Visual Studio Solution File, Format Version 9.00
# Visual C# Express 2005
Project("{FAE04EC0-301F-11D3-BF4B-00C04F79EFBC}") = "DTVViewer-2005", "DTVViewer-2005.csproj", "{F3FCD690-6D1A-4A42-AFC1-A3A3D56D7DBC}"
EndProject
Global
	GlobalSection(SolutionConfigurationPlatforms) = preSolution
		Debug|Any CPU = Debug|Any CPU
		Release|Any CPU = Release|Any CPU
	EndGlobalSection
	GlobalSection(ProjectConfigurationPlatforms) = postSolution
		{F3FCD690-6D1A-4A42-AFC1-A3A3D56D7DBC}.Debug|Any CPU.ActiveCfg = Debug|Any CPU
		{F3FCD690-6D1A-4A42-AFC1-A3A3D56D7DBC}.Debug|Any CPU.Build.0 = Debug|Any CPU
		{F3FCD690-6D1A-4A42-AFC1-A3A3D56D7DBC}.Release|Any CPU.ActiveCfg = Release|Any CPU
		{F3FCD690-6D1A-4A42-AFC1-A3A3D56D7DBC}.Release|Any CPU.Build.0 = Release|Any CPU
	EndGlobalSection
	GlobalSection(SolutionProperties) = preSolution
		HideSolutionNode = FALSE
	EndGlobalSection
EndGlobal
