Microsoft Visual Studio Solution File, Format Version 9.00
# Visual C# Express 2005
Project("{FAE04EC0-301F-11D3-BF4B-00C04F79EFBC}") = "DxPlay-2005", "DxPlay-2005.csproj", "{0B44B3D7-52D7-4C0E-9B1C-F48CEEDA36FE}"
EndProject
Global
	GlobalSection(SolutionConfigurationPlatforms) = preSolution
		Debug|Any CPU = Debug|Any CPU
		Release|Any CPU = Release|Any CPU
	EndGlobalSection
	GlobalSection(ProjectConfigurationPlatforms) = postSolution
		{0B44B3D7-52D7-4C0E-9B1C-F48CEEDA36FE}.Debug|Any CPU.ActiveCfg = Debug|Any CPU
		{0B44B3D7-52D7-4C0E-9B1C-F48CEEDA36FE}.Debug|Any CPU.Build.0 = Debug|Any CPU
		{0B44B3D7-52D7-4C0E-9B1C-F48CEEDA36FE}.Release|Any CPU.ActiveCfg = Release|Any CPU
		{0B44B3D7-52D7-4C0E-9B1C-F48CEEDA36FE}.Release|Any CPU.Build.0 = Release|Any CPU
	EndGlobalSection
	GlobalSection(SolutionProperties) = preSolution
		HideSolutionNode = FALSE
	EndGlobalSection
EndGlobal
