
Microsoft Visual Studio Solution File, Format Version 10.00
# Visual Studio 2008
Project("{FAE04EC0-301F-11D3-BF4B-00C04F79EFBC}") = "GMFPlay-2008", "GMFPlay\GMFPlay-2008.csproj", "{FE48353B-7945-400B-87B2-660BE9225083}"
EndProject
Global
	GlobalSection(SolutionConfigurationPlatforms) = preSolution
		Debug|Any CPU = Debug|Any CPU
		Release|Any CPU = Release|Any CPU
	EndGlobalSection
	GlobalSection(ProjectConfigurationPlatforms) = postSolution
		{FE48353B-7945-400B-87B2-660BE9225083}.Debug|Any CPU.ActiveCfg = Debug|Any CPU
		{FE48353B-7945-400B-87B2-660BE9225083}.Debug|Any CPU.Build.0 = Debug|Any CPU
		{FE48353B-7945-400B-87B2-660BE9225083}.Release|Any CPU.ActiveCfg = Release|Any CPU
		{FE48353B-7945-400B-87B2-660BE9225083}.Release|Any CPU.Build.0 = Release|Any CPU
	EndGlobalSection
	GlobalSection(SolutionProperties) = preSolution
		HideSolutionNode = FALSE
	EndGlobalSection
EndGlobal
