Microsoft Visual Studio Solution File, Format Version 11.00
# Visual C++ Express 2010
Project("{8BC9CEB8-8B4A-11D0-8D11-00A0C91BC942}") = "libpng", "libpng.vcxproj", "{3EE68730-64D8-9331-4B55-2615DCB4496C}"
EndProject
Project("{8BC9CEB8-8B4A-11D0-8D11-00A0C91BC942}") = "pngtest", "pngtest.vcxproj", "{0F6959C1-09A6-AB1F-99D9-8E1700084118}"
EndProject
Project("{8BC9CEB8-8B4A-11D0-8D11-00A0C91BC942}") = "zlib", "zlib.vcxproj", "{D7048B1A-9530-3E5A-10D0-E9A513BB41D1}"
EndProject
Global
	GlobalSection(SolutionConfigurationPlatforms) = preSolution
		DLL ASM Debug|Win32 = DLL ASM Debug|Win32
		DLL ASM Release|Win32 = DLL ASM Release|Win32
		DLL Debug|Win32 = DLL Debug|Win32
		DLL Release|Win32 = DLL Release|Win32
		DLL VB|Win32 = DLL VB|Win32
		LIB ASM Debug|Win32 = LIB ASM Debug|Win32
		LIB ASM Release|Win32 = LIB ASM Release|Win32
		LIB Debug|Win32 = LIB Debug|Win32
		LIB Release|Win32 = LIB Release|Win32
	EndGlobalSection
	GlobalSection(ProjectConfigurationPlatforms) = postSolution
		{3EE68730-64D8-9331-4B55-2615DCB4496C}.DLL ASM Debug|Win32.ActiveCfg = DLL ASM Debug|Win32
		{3EE68730-64D8-9331-4B55-2615DCB4496C}.DLL ASM Release|Win32.ActiveCfg = DLL ASM Release|Win32
		{3EE68730-64D8-9331-4B55-2615DCB4496C}.DLL Debug|Win32.ActiveCfg = DLL Debug|Win32
		{3EE68730-64D8-9331-4B55-2615DCB4496C}.DLL Release|Win32.ActiveCfg = DLL Release|Win32
		{3EE68730-64D8-9331-4B55-2615DCB4496C}.DLL VB|Win32.ActiveCfg = DLL VB|Win32
		{3EE68730-64D8-9331-4B55-2615DCB4496C}.LIB ASM Debug|Win32.ActiveCfg = LIB ASM Debug|Win32
		{3EE68730-64D8-9331-4B55-2615DCB4496C}.LIB ASM Release|Win32.ActiveCfg = LIB ASM Release|Win32
		{3EE68730-64D8-9331-4B55-2615DCB4496C}.LIB Debug|Win32.ActiveCfg = LIB Debug|Win32
		{3EE68730-64D8-9331-4B55-2615DCB4496C}.LIB Release|Win32.ActiveCfg = LIB Release|Win32
		{0F6959C1-09A6-AB1F-99D9-8E1700084118}.DLL ASM Debug|Win32.ActiveCfg = DLL ASM Debug|Win32
		{0F6959C1-09A6-AB1F-99D9-8E1700084118}.DLL ASM Release|Win32.ActiveCfg = DLL ASM Release|Win32
		{0F6959C1-09A6-AB1F-99D9-8E1700084118}.DLL Debug|Win32.ActiveCfg = DLL Debug|Win32
		{0F6959C1-09A6-AB1F-99D9-8E1700084118}.DLL Release|Win32.ActiveCfg = DLL Release|Win32
		{0F6959C1-09A6-AB1F-99D9-8E1700084118}.DLL VB|Win32.ActiveCfg = DLL VB|Win32
		{0F6959C1-09A6-AB1F-99D9-8E1700084118}.LIB ASM Debug|Win32.ActiveCfg = LIB ASM Debug|Win32
		{0F6959C1-09A6-AB1F-99D9-8E1700084118}.LIB ASM Release|Win32.ActiveCfg = LIB ASM Release|Win32
		{0F6959C1-09A6-AB1F-99D9-8E1700084118}.LIB Debug|Win32.ActiveCfg = LIB Debug|Win32
		{0F6959C1-09A6-AB1F-99D9-8E1700084118}.LIB Release|Win32.ActiveCfg = LIB Release|Win32
		{D7048B1A-9530-3E5A-10D0-E9A513BB41D1}.DLL ASM Debug|Win32.ActiveCfg = DLL ASM Debug|Win32
		{D7048B1A-9530-3E5A-10D0-E9A513BB41D1}.DLL ASM Release|Win32.ActiveCfg = DLL ASM Release|Win32
		{D7048B1A-9530-3E5A-10D0-E9A513BB41D1}.DLL Debug|Win32.ActiveCfg = DLL Debug|Win32
		{D7048B1A-9530-3E5A-10D0-E9A513BB41D1}.DLL Release|Win32.ActiveCfg = DLL Release|Win32
		{D7048B1A-9530-3E5A-10D0-E9A513BB41D1}.DLL VB|Win32.ActiveCfg = DLL Release|Win32
		{D7048B1A-9530-3E5A-10D0-E9A513BB41D1}.LIB ASM Debug|Win32.ActiveCfg = LIB ASM Debug|Win32
		{D7048B1A-9530-3E5A-10D0-E9A513BB41D1}.LIB ASM Release|Win32.ActiveCfg = LIB ASM Release|Win32
		{D7048B1A-9530-3E5A-10D0-E9A513BB41D1}.LIB Debug|Win32.ActiveCfg = LIB Debug|Win32
		{D7048B1A-9530-3E5A-10D0-E9A513BB41D1}.LIB Release|Win32.ActiveCfg = LIB Release|Win32
	EndGlobalSection
	GlobalSection(SolutionProperties) = preSolution
		HideSolutionNode = FALSE
	EndGlobalSection
EndGlobal
