Microsoft Visual Studio Solution File, Format Version 9.00
# Visual C# Express 2005
Project("{FAE04EC0-301F-11D3-BF4B-00C04F79EFBC}") = "VMR9Allocator-2005", "VMR9Allocator-2005.csproj", "{B3D9A91A-8F19-45DA-93FF-4C6248AFD6D1}"
EndProject
Global
	GlobalSection(SolutionConfigurationPlatforms) = preSolution
		Debug|Any CPU = Debug|Any CPU
		Release|Any CPU = Release|Any CPU
	EndGlobalSection
	GlobalSection(ProjectConfigurationPlatforms) = postSolution
		{B3D9A91A-8F19-45DA-93FF-4C6248AFD6D1}.Debug|Any CPU.ActiveCfg = Debug|Any CPU
		{B3D9A91A-8F19-45DA-93FF-4C6248AFD6D1}.Debug|Any CPU.Build.0 = Debug|Any CPU
		{B3D9A91A-8F19-45DA-93FF-4C6248AFD6D1}.Release|Any CPU.ActiveCfg = Release|Any CPU
		{B3D9A91A-8F19-45DA-93FF-4C6248AFD6D1}.Release|Any CPU.Build.0 = Release|Any CPU
	EndGlobalSection
	GlobalSection(SolutionProperties) = preSolution
		HideSolutionNode = FALSE
	EndGlobalSection
EndGlobal
