
Microsoft Visual Studio Solution File, Format Version 10.00
# Visual Studio 2008
Project("{FAE04EC0-301F-11D3-BF4B-00C04F79EFBC}") = "DvrMsCutter2-2008", "DvrMsCutter2-2008.csproj", "{2BB69C76-D153-48A0-95B9-710550D63986}"
EndProject
Global
	GlobalSection(SolutionConfigurationPlatforms) = preSolution
		Debug|Any CPU = Debug|Any CPU
		Release|Any CPU = Release|Any CPU
	EndGlobalSection
	GlobalSection(ProjectConfigurationPlatforms) = postSolution
		{2BB69C76-D153-48A0-95B9-710550D63986}.Debug|Any CPU.ActiveCfg = Debug|Any CPU
		{2BB69C76-D153-48A0-95B9-710550D63986}.Debug|Any CPU.Build.0 = Debug|Any CPU
		{2BB69C76-D153-48A0-95B9-710550D63986}.Release|Any CPU.ActiveCfg = Release|Any CPU
		{2BB69C76-D153-48A0-95B9-710550D63986}.Release|Any CPU.Build.0 = Release|Any CPU
	EndGlobalSection
	GlobalSection(SolutionProperties) = preSolution
		HideSolutionNode = FALSE
	EndGlobalSection
EndGlobal
