Microsoft Visual Studio Solution File, Format Version 10.00
# Visual Studio 2008
Project("{FAE04EC0-301F-11D3-BF4B-00C04F79EFBC}") = "DmoSplit-2008", "DMO\DmoSplit-2008.csproj", "{369D647A-7F80-4F06-BEDB-D62AC1627862}"
EndProject
Project("{FAE04EC0-301F-11D3-BF4B-00C04F79EFBC}") = "FormDMO-2008", "FormDMO\FormDMO-2008.csproj", "{B72919DC-C5B9-441A-9AD9-6CF9A97AFE85}"
	ProjectSection(ProjectDependencies) = postProject
		{369D647A-7F80-4F06-BEDB-D62AC1627862} = {369D647A-7F80-4F06-BEDB-D62AC1627862}
	EndProjectSection
EndProject
Global
	GlobalSection(SolutionConfigurationPlatforms) = preSolution
		Debug|Any CPU = Debug|Any CPU
		Release|Any CPU = Release|Any CPU
	EndGlobalSection
	GlobalSection(ProjectConfigurationPlatforms) = postSolution
		{369D647A-7F80-4F06-BEDB-D62AC1627862}.Debug|Any CPU.ActiveCfg = Debug|Any CPU
		{369D647A-7F80-4F06-BEDB-D62AC1627862}.Debug|Any CPU.Build.0 = Debug|Any CPU
		{369D647A-7F80-4F06-BEDB-D62AC1627862}.Release|Any CPU.ActiveCfg = Release|Any CPU
		{369D647A-7F80-4F06-BEDB-D62AC1627862}.Release|Any CPU.Build.0 = Release|Any CPU
		{B72919DC-C5B9-441A-9AD9-6CF9A97AFE85}.Debug|Any CPU.ActiveCfg = Debug|Any CPU
		{B72919DC-C5B9-441A-9AD9-6CF9A97AFE85}.Debug|Any CPU.Build.0 = Debug|Any CPU
		{B72919DC-C5B9-441A-9AD9-6CF9A97AFE85}.Release|Any CPU.ActiveCfg = Release|Any CPU
		{B72919DC-C5B9-441A-9AD9-6CF9A97AFE85}.Release|Any CPU.Build.0 = Release|Any CPU
	EndGlobalSection
	GlobalSection(SolutionProperties) = preSolution
		HideSolutionNode = FALSE
	EndGlobalSection
EndGlobal
