Microsoft Visual Studio Solution File, Format Version 9.00
# Visual C# Express 2005
Project("{FAE04EC0-301F-11D3-BF4B-00C04F79EFBC}") = "CapWMV-2005", "CapWMV-2005.csproj", "{1E4F75E2-476C-4D6E-87BF-F545CCF5CE59}"
EndProject
Global
	GlobalSection(SolutionConfigurationPlatforms) = preSolution
		Debug|Any CPU = Debug|Any CPU
		Release|Any CPU = Release|Any CPU
	EndGlobalSection
	GlobalSection(ProjectConfigurationPlatforms) = postSolution
		{1E4F75E2-476C-4D6E-87BF-F545CCF5CE59}.Debug|Any CPU.ActiveCfg = Debug|Any CPU
		{1E4F75E2-476C-4D6E-87BF-F545CCF5CE59}.Debug|Any CPU.Build.0 = Debug|Any CPU
		{1E4F75E2-476C-4D6E-87BF-F545CCF5CE59}.Release|Any CPU.ActiveCfg = Release|Any CPU
		{1E4F75E2-476C-4D6E-87BF-F545CCF5CE59}.Release|Any CPU.Build.0 = Release|Any CPU
	EndGlobalSection
	GlobalSection(SolutionProperties) = preSolution
		HideSolutionNode = FALSE
	EndGlobalSection
EndGlobal
