Microsoft Visual Studio Solution File, Format Version 9.00
# Visual C# Express 2005
Project("{FAE04EC0-301F-11D3-BF4B-00C04F79EFBC}") = "DxTuner-2005", "DxTuner-2005.csproj", "{4AC57653-233F-4862-AF88-139A1D02A007}"
EndProject
Global
	GlobalSection(SolutionConfigurationPlatforms) = preSolution
		Debug|Any CPU = Debug|Any CPU
		Release|Any CPU = Release|Any CPU
	EndGlobalSection
	GlobalSection(ProjectConfigurationPlatforms) = postSolution
		{4AC57653-233F-4862-AF88-139A1D02A007}.Debug|Any CPU.ActiveCfg = Debug|Any CPU
		{4AC57653-233F-4862-AF88-139A1D02A007}.Debug|Any CPU.Build.0 = Debug|Any CPU
		{4AC57653-233F-4862-AF88-139A1D02A007}.Release|Any CPU.ActiveCfg = Release|Any CPU
		{4AC57653-233F-4862-AF88-139A1D02A007}.Release|Any CPU.Build.0 = Release|Any CPU
	EndGlobalSection
	GlobalSection(SolutionProperties) = preSolution
		HideSolutionNode = FALSE
	EndGlobalSection
EndGlobal
