
Microsoft Visual Studio Solution File, Format Version 10.00
# Visual Studio 2008
Project("{FAE04EC0-301F-11D3-BF4B-00C04F79EFBC}") = "GMFPreview-2008", "GMFPreview\GMFPreview-2008.csproj", "{0E756677-5CB9-488B-B54A-55B32BF087D6}"
EndProject
Global
	GlobalSection(SolutionConfigurationPlatforms) = preSolution
		Debug|Any CPU = Debug|Any CPU
		Release|Any CPU = Release|Any CPU
	EndGlobalSection
	GlobalSection(ProjectConfigurationPlatforms) = postSolution
		{0E756677-5CB9-488B-B54A-55B32BF087D6}.Debug|Any CPU.ActiveCfg = Debug|Any CPU
		{0E756677-5CB9-488B-B54A-55B32BF087D6}.Debug|Any CPU.Build.0 = Debug|Any CPU
		{0E756677-5CB9-488B-B54A-55B32BF087D6}.Release|Any CPU.ActiveCfg = Release|Any CPU
		{0E756677-5CB9-488B-B54A-55B32BF087D6}.Release|Any CPU.Build.0 = Release|Any CPU
	EndGlobalSection
	GlobalSection(SolutionProperties) = preSolution
		HideSolutionNode = FALSE
	EndGlobalSection
EndGlobal
